
Microsoft Visual Studio Solution File, Format Version 12.00
# Visual Studio Version 16
VisualStudioVersion = 16.0.31424.327
MinimumVisualStudioVersion = 10.0.40219.1
Project("{FAE04EC0-301F-11D3-BF4B-00C04F79EFBC}") = "XamarinFormsSkiaSharpDrawShape.Android", "XamarinFormsSkiaSharpDrawShape\XamarinFormsSkiaSharpDrawShape.Android\XamarinFormsSkiaSharpDrawShape.Android.csproj", "{5069AC3B-4768-40F2-9C13-C6F3EEC6D6D6}"
EndProject
Project("{FAE04EC0-301F-11D3-BF4B-00C04F79EFBC}") = "XamarinFormsSkiaSharpDrawShape.iOS", "XamarinFormsSkiaSharpDrawShape\XamarinFormsSkiaSharpDrawShape.iOS\XamarinFormsSkiaSharpDrawShape.iOS.csproj", "{DFC6D7F2-1E17-4577-81C5-DF17A9448D17}"
EndProject
Project("{FAE04EC0-301F-11D3-BF4B-00C04F79EFBC}") = "XamarinFormsSkiaSharpDrawShape", "XamarinFormsSkiaSharpDrawShape\XamarinFormsSkiaSharpDrawShape\XamarinFormsSkiaSharpDrawShape.csproj", "{388EB370-78D3-4F64-800A-535B39B650C1}"
EndProject
Global
	GlobalSection(SolutionConfigurationPlatforms) = preSolution
		Debug|Any CPU = Debug|Any CPU
		Debug|iPhone = Debug|iPhone
		Debug|iPhoneSimulator = Debug|iPhoneSimulator
		Release|Any CPU = Release|Any CPU
		Release|iPhone = Release|iPhone
		Release|iPhoneSimulator = Release|iPhoneSimulator
	EndGlobalSection
	GlobalSection(ProjectConfigurationPlatforms) = postSolution
		{5069AC3B-4768-40F2-9C13-C6F3EEC6D6D6}.Debug|Any CPU.ActiveCfg = Debug|Any CPU
		{5069AC3B-4768-40F2-9C13-C6F3EEC6D6D6}.Debug|Any CPU.Build.0 = Debug|Any CPU
		{5069AC3B-4768-40F2-9C13-C6F3EEC6D6D6}.Debug|Any CPU.Deploy.0 = Debug|Any CPU
		{5069AC3B-4768-40F2-9C13-C6F3EEC6D6D6}.Debug|iPhone.ActiveCfg = Debug|Any CPU
		{5069AC3B-4768-40F2-9C13-C6F3EEC6D6D6}.Debug|iPhone.Build.0 = Debug|Any CPU
		{5069AC3B-4768-40F2-9C13-C6F3EEC6D6D6}.Debug|iPhone.Deploy.0 = Debug|Any CPU
		{5069AC3B-4768-40F2-9C13-C6F3EEC6D6D6}.Debug|iPhoneSimulator.ActiveCfg = Debug|Any CPU
		{5069AC3B-4768-40F2-9C13-C6F3EEC6D6D6}.Debug|iPhoneSimulator.Build.0 = Debug|Any CPU
		{5069AC3B-4768-40F2-9C13-C6F3EEC6D6D6}.Debug|iPhoneSimulator.Deploy.0 = Debug|Any CPU
		{5069AC3B-4768-40F2-9C13-C6F3EEC6D6D6}.Release|Any CPU.ActiveCfg = Release|Any CPU
		{5069AC3B-4768-40F2-9C13-C6F3EEC6D6D6}.Release|Any CPU.Build.0 = Release|Any CPU
		{5069AC3B-4768-40F2-9C13-C6F3EEC6D6D6}.Release|Any CPU.Deploy.0 = Release|Any CPU
		{5069AC3B-4768-40F2-9C13-C6F3EEC6D6D6}.Release|iPhone.ActiveCfg = Release|Any CPU
		{5069AC3B-4768-40F2-9C13-C6F3EEC6D6D6}.Release|iPhone.Build.0 = Release|Any CPU
		{5069AC3B-4768-40F2-9C13-C6F3EEC6D6D6}.Release|iPhone.Deploy.0 = Release|Any CPU
		{5069AC3B-4768-40F2-9C13-C6F3EEC6D6D6}.Release|iPhoneSimulator.ActiveCfg = Release|Any CPU
		{5069AC3B-4768-40F2-9C13-C6F3EEC6D6D6}.Release|iPhoneSimulator.Build.0 = Release|Any CPU
		{5069AC3B-4768-40F2-9C13-C6F3EEC6D6D6}.Release|iPhoneSimulator.Deploy.0 = Release|Any CPU
		{DFC6D7F2-1E17-4577-81C5-DF17A9448D17}.Debug|Any CPU.ActiveCfg = Debug|iPhone
		{DFC6D7F2-1E17-4577-81C5-DF17A9448D17}.Debug|Any CPU.Build.0 = Debug|iPhone
		{DFC6D7F2-1E17-4577-81C5-DF17A9448D17}.Debug|Any CPU.Deploy.0 = Debug|iPhone
		{DFC6D7F2-1E17-4577-81C5-DF17A9448D17}.Debug|iPhone.ActiveCfg = Debug|iPhone
		{DFC6D7F2-1E17-4577-81C5-DF17A9448D17}.Debug|iPhone.Build.0 = Debug|iPhone
		{DFC6D7F2-1E17-4577-81C5-DF17A9448D17}.Debug|iPhone.Deploy.0 = Debug|iPhone
		{DFC6D7F2-1E17-4577-81C5-DF17A9448D17}.Debug|iPhoneSimulator.ActiveCfg = Debug|iPhoneSimulator
		{DFC6D7F2-1E17-4577-81C5-DF17A9448D17}.Debug|iPhoneSimulator.Build.0 = Debug|iPhoneSimulator
		{DFC6D7F2-1E17-4577-81C5-DF17A9448D17}.Debug|iPhoneSimulator.Deploy.0 = Debug|iPhoneSimulator
		{DFC6D7F2-1E17-4577-81C5-DF17A9448D17}.Release|Any CPU.ActiveCfg = Release|iPhoneSimulator
		{DFC6D7F2-1E17-4577-81C5-DF17A9448D17}.Release|Any CPU.Build.0 = Release|iPhoneSimulator
		{DFC6D7F2-1E17-4577-81C5-DF17A9448D17}.Release|Any CPU.Deploy.0 = Release|iPhoneSimulator
		{DFC6D7F2-1E17-4577-81C5-DF17A9448D17}.Release|iPhone.ActiveCfg = Release|iPhone
		{DFC6D7F2-1E17-4577-81C5-DF17A9448D17}.Release|iPhone.Build.0 = Release|iPhone
		{DFC6D7F2-1E17-4577-81C5-DF17A9448D17}.Release|iPhone.Deploy.0 = Release|iPhone
		{DFC6D7F2-1E17-4577-81C5-DF17A9448D17}.Release|iPhoneSimulator.ActiveCfg = Release|iPhoneSimulator
		{DFC6D7F2-1E17-4577-81C5-DF17A9448D17}.Release|iPhoneSimulator.Build.0 = Release|iPhoneSimulator
		{DFC6D7F2-1E17-4577-81C5-DF17A9448D17}.Release|iPhoneSimulator.Deploy.0 = Release|iPhoneSimulator
		{388EB370-78D3-4F64-800A-535B39B650C1}.Debug|Any CPU.ActiveCfg = Debug|Any CPU
		{388EB370-78D3-4F64-800A-535B39B650C1}.Debug|Any CPU.Build.0 = Debug|Any CPU
		{388EB370-78D3-4F64-800A-535B39B650C1}.Debug|Any CPU.Deploy.0 = Debug|Any CPU
		{388EB370-78D3-4F64-800A-535B39B650C1}.Debug|iPhone.ActiveCfg = Debug|Any CPU
		{388EB370-78D3-4F64-800A-535B39B650C1}.Debug|iPhone.Build.0 = Debug|Any CPU
		{388EB370-78D3-4F64-800A-535B39B650C1}.Debug|iPhone.Deploy.0 = Debug|Any CPU
		{388EB370-78D3-4F64-800A-535B39B650C1}.Debug|iPhoneSimulator.ActiveCfg = Debug|Any CPU
		{388EB370-78D3-4F64-800A-535B39B650C1}.Debug|iPhoneSimulator.Build.0 = Debug|Any CPU
		{388EB370-78D3-4F64-800A-535B39B650C1}.Debug|iPhoneSimulator.Deploy.0 = Debug|Any CPU
		{388EB370-78D3-4F64-800A-535B39B650C1}.Release|Any CPU.ActiveCfg = Release|Any CPU
		{388EB370-78D3-4F64-800A-535B39B650C1}.Release|Any CPU.Build.0 = Release|Any CPU
		{388EB370-78D3-4F64-800A-535B39B650C1}.Release|Any CPU.Deploy.0 = Release|Any CPU
		{388EB370-78D3-4F64-800A-535B39B650C1}.Release|iPhone.ActiveCfg = Release|Any CPU
		{388EB370-78D3-4F64-800A-535B39B650C1}.Release|iPhone.Build.0 = Release|Any CPU
		{388EB370-78D3-4F64-800A-535B39B650C1}.Release|iPhone.Deploy.0 = Release|Any CPU
		{388EB370-78D3-4F64-800A-535B39B650C1}.Release|iPhoneSimulator.ActiveCfg = Release|Any CPU
		{388EB370-78D3-4F64-800A-535B39B650C1}.Release|iPhoneSimulator.Build.0 = Release|Any CPU
		{388EB370-78D3-4F64-800A-535B39B650C1}.Release|iPhoneSimulator.Deploy.0 = Release|Any CPU
	EndGlobalSection
	GlobalSection(SolutionProperties) = preSolution
		HideSolutionNode = FALSE
	EndGlobalSection
	GlobalSection(ExtensibilityGlobals) = postSolution
		SolutionGuid = {558F33BC-9E83-4709-B555-3FA865167FA1}
	EndGlobalSection
EndGlobal
